// !$*UTF8*$!
{
	archiveVersion = 1;
	classes = {
	};
	objectVersion = 55;
	objects = {

/* Begin PBXBuildFile section */
		8478C1BC27C8A1D200AA889B /* DetailController.swift in Sources */ = {isa = PBXBuildFile; fileRef = 8478C1BB27C8A1D200AA889B /* DetailController.swift */; };
		915FB97927CC859600601301 /* groceryItemCell.swift in Sources */ = {isa = PBXBuildFile; fileRef = 915FB97827CC859600601301 /* groceryItemCell.swift */; };
		915FB97B27CDC36D00601301 /* cartItemCell.swift in Sources */ = {isa = PBXBuildFile; fileRef = 915FB97A27CDC36D00601301 /* cartItemCell.swift */; };
		91870F6027C838FE00A0B942 /* AppDelegate.swift in Sources */ = {isa = PBXBuildFile; fileRef = 91870F5F27C838FE00A0B942 /* AppDelegate.swift */; };
		91870F6227C838FE00A0B942 /* SceneDelegate.swift in Sources */ = {isa = PBXBuildFile; fileRef = 91870F6127C838FE00A0B942 /* SceneDelegate.swift */; };
		91870F6427C838FE00A0B942 /* ViewController.swift in Sources */ = {isa = PBXBuildFile; fileRef = 91870F6327C838FE00A0B942 /* ViewController.swift */; };
		91870F6727C838FE00A0B942 /* Main.storyboard in Resources */ = {isa = PBXBuildFile; fileRef = 91870F6527C838FE00A0B942 /* Main.storyboard */; };
		91870F6927C838FF00A0B942 /* Assets.xcassets in Resources */ = {isa = PBXBuildFile; fileRef = 91870F6827C838FF00A0B942 /* Assets.xcassets */; };
		91870F6C27C838FF00A0B942 /* LaunchScreen.storyboard in Resources */ = {isa = PBXBuildFile; fileRef = 91870F6A27C838FF00A0B942 /* LaunchScreen.storyboard */; };
		91870F7727C838FF00A0B942 /* Grocery_ShoppingTests.swift in Sources */ = {isa = PBXBuildFile; fileRef = 91870F7627C838FF00A0B942 /* Grocery_ShoppingTests.swift */; };
		91870F8127C838FF00A0B942 /* Grocery_ShoppingUITests.swift in Sources */ = {isa = PBXBuildFile; fileRef = 91870F8027C838FF00A0B942 /* Grocery_ShoppingUITests.swift */; };
		91870F8327C838FF00A0B942 /* Grocery_ShoppingUITestsLaunchTests.swift in Sources */ = {isa = PBXBuildFile; fileRef = 91870F8227C838FF00A0B942 /* Grocery_ShoppingUITestsLaunchTests.swift */; };
		91870F9027C8554200A0B942 /* navItemCollectionViewCell.swift in Sources */ = {isa = PBXBuildFile; fileRef = 91870F8F27C8554200A0B942 /* navItemCollectionViewCell.swift */; };
/* End PBXBuildFile section */

/* Begin PBXContainerItemProxy section */
		91870F7327C838FF00A0B942 /* PBXContainerItemProxy */ = {
			isa = PBXContainerItemProxy;
			containerPortal = 91870F5427C838FD00A0B942 /* Project object */;
			proxyType = 1;
			remoteGlobalIDString = 91870F5B27C838FE00A0B942;
			remoteInfo = "Grocery Shopping";
		};
		91870F7D27C838FF00A0B942 /* PBXContainerItemProxy */ = {
			isa = PBXContainerItemProxy;
			containerPortal = 91870F5427C838FD00A0B942 /* Project object */;
			proxyType = 1;
			remoteGlobalIDString = 91870F5B27C838FE00A0B942;
			remoteInfo = "Grocery Shopping";
		};
/* End PBXContainerItemProxy section */

/* Begin PBXFileReference section */
		8478C1BB27C8A1D200AA889B /* DetailController.swift */ = {isa = PBXFileReference; lastKnownFileType = sourcecode.swift; path = DetailController.swift; sourceTree = "<group>"; };
		915FB97827CC859600601301 /* groceryItemCell.swift */ = {isa = PBXFileReference; lastKnownFileType = sourcecode.swift; path = groceryItemCell.swift; sourceTree = "<group>"; };
		915FB97A27CDC36D00601301 /* cartItemCell.swift */ = {isa = PBXFileReference; lastKnownFileType = sourcecode.swift; path = cartItemCell.swift; sourceTree = "<group>"; };
		91870F5C27C838FE00A0B942 /* Grocery Shopping.app */ = {isa = PBXFileReference; explicitFileType = wrapper.application; includeInIndex = 0; path = "Grocery Shopping.app"; sourceTree = BUILT_PRODUCTS_DIR; };
		91870F5F27C838FE00A0B942 /* AppDelegate.swift */ = {isa = PBXFileReference; lastKnownFileType = sourcecode.swift; path = AppDelegate.swift; sourceTree = "<group>"; };
		91870F6127C838FE00A0B942 /* SceneDelegate.swift */ = {isa = PBXFileReference; lastKnownFileType = sourcecode.swift; path = SceneDelegate.swift; sourceTree = "<group>"; };
		91870F6327C838FE00A0B942 /* ViewController.swift */ = {isa = PBXFileReference; lastKnownFileType = sourcecode.swift; path = ViewController.swift; sourceTree = "<group>"; };
		91870F6627C838FE00A0B942 /* Base */ = {isa = PBXFileReference; lastKnownFileType = file.storyboard; name = Base; path = Base.lproj/Main.storyboard; sourceTree = "<group>"; };
		91870F6827C838FF00A0B942 /* Assets.xcassets */ = {isa = PBXFileReference; lastKnownFileType = folder.assetcatalog; path = Assets.xcassets; sourceTree = "<group>"; };
		91870F6B27C838FF00A0B942 /* Base */ = {isa = PBXFileReference; lastKnownFileType = file.storyboard; name = Base; path = Base.lproj/LaunchScreen.storyboard; sourceTree = "<group>"; };
		91870F6D27C838FF00A0B942 /* Info.plist */ = {isa = PBXFileReference; lastKnownFileType = text.plist.xml; path = Info.plist; sourceTree = "<group>"; };
		91870F7227C838FF00A0B942 /* Grocery ShoppingTests.xctest */ = {isa = PBXFileReference; explicitFileType = wrapper.cfbundle; includeInIndex = 0; path = "Grocery ShoppingTests.xctest"; sourceTree = BUILT_PRODUCTS_DIR; };
		91870F7627C838FF00A0B942 /* Grocery_ShoppingTests.swift */ = {isa = PBXFileReference; lastKnownFileType = sourcecode.swift; path = Grocery_ShoppingTests.swift; sourceTree = "<group>"; };
		91870F7C27C838FF00A0B942 /* Grocery ShoppingUITests.xctest */ = {isa = PBXFileReference; explicitFileType = wrapper.cfbundle; includeInIndex = 0; path = "Grocery ShoppingUITests.xctest"; sourceTree = BUILT_PRODUCTS_DIR; };
		91870F8027C838FF00A0B942 /* Grocery_ShoppingUITests.swift */ = {isa = PBXFileReference; lastKnownFileType = sourcecode.swift; path = Grocery_ShoppingUITests.swift; sourceTree = "<group>"; };
		91870F8227C838FF00A0B942 /* Grocery_ShoppingUITestsLaunchTests.swift */ = {isa = PBXFileReference; lastKnownFileType = sourcecode.swift; path = Grocery_ShoppingUITestsLaunchTests.swift; sourceTree = "<group>"; };
		91870F8F27C8554200A0B942 /* navItemCollectionViewCell.swift */ = {isa = PBXFileReference; lastKnownFileType = sourcecode.swift; path = navItemCollectionViewCell.swift; sourceTree = "<group>"; };
/* End PBXFileReference section */

/* Begin PBXFrameworksBuildPhase section */
		91870F5927C838FE00A0B942 /* Frameworks */ = {
			isa = PBXFrameworksBuildPhase;
			buildActionMask = 2147483647;
			files = (
			);
			runOnlyForDeploymentPostprocessing = 0;
		};
		91870F6F27C838FF00A0B942 /* Frameworks */ = {
			isa = PBXFrameworksBuildPhase;
			buildActionMask = 2147483647;
			files = (
			);
			runOnlyForDeploymentPostprocessing = 0;
		};
		91870F7927C838FF00A0B942 /* Frameworks */ = {
			isa = PBXFrameworksBuildPhase;
			buildActionMask = 2147483647;
			files = (
			);
			runOnlyForDeploymentPostprocessing = 0;
		};
/* End PBXFrameworksBuildPhase section */

/* Begin PBXGroup section */
		91870F5327C838FD00A0B942 = {
			isa = PBXGroup;
			children = (
				91870F5E27C838FE00A0B942 /* Grocery Shopping */,
				91870F7527C838FF00A0B942 /* Grocery ShoppingTests */,
				91870F7F27C838FF00A0B942 /* Grocery ShoppingUITests */,
				91870F5D27C838FE00A0B942 /* Products */,
			);
			sourceTree = "<group>";
		};
		91870F5D27C838FE00A0B942 /* Products */ = {
			isa = PBXGroup;
			children = (
				91870F5C27C838FE00A0B942 /* Grocery Shopping.app */,
				91870F7227C838FF00A0B942 /* Grocery ShoppingTests.xctest */,
				91870F7C27C838FF00A0B942 /* Grocery ShoppingUITests.xctest */,
			);
			name = Products;
			sourceTree = "<group>";
		};
		91870F5E27C838FE00A0B942 /* Grocery Shopping */ = {
			isa = PBXGroup;
			children = (
				91870F5F27C838FE00A0B942 /* AppDelegate.swift */,
				91870F6127C838FE00A0B942 /* SceneDelegate.swift */,
				91870F8F27C8554200A0B942 /* navItemCollectionViewCell.swift */,
				91870F6327C838FE00A0B942 /* ViewController.swift */,
				915FB97A27CDC36D00601301 /* cartItemCell.swift */,
				915FB97827CC859600601301 /* groceryItemCell.swift */,
				91870F6527C838FE00A0B942 /* Main.storyboard */,
				8478C1BB27C8A1D200AA889B /* DetailController.swift */,
				91870F6827C838FF00A0B942 /* Assets.xcassets */,
				91870F6A27C838FF00A0B942 /* LaunchScreen.storyboard */,
				91870F6D27C838FF00A0B942 /* Info.plist */,
			);
			path = "Grocery Shopping";
			sourceTree = "<group>";
		};
		91870F7527C838FF00A0B942 /* Grocery ShoppingTests */ = {
			isa = PBXGroup;
			children = (
				91870F7627C838FF00A0B942 /* Grocery_ShoppingTests.swift */,
			);
			path = "Grocery ShoppingTests";
			sourceTree = "<group>";
		};
		91870F7F27C838FF00A0B942 /* Grocery ShoppingUITests */ = {
			isa = PBXGroup;
			children = (
				91870F8027C838FF00A0B942 /* Grocery_ShoppingUITests.swift */,
				91870F8227C838FF00A0B942 /* Grocery_ShoppingUITestsLaunchTests.swift */,
			);
			path = "Grocery ShoppingUITests";
			sourceTree = "<group>";
		};
/* End PBXGroup section */

/* Begin PBXNativeTarget section */
		91870F5B27C838FE00A0B942 /* Grocery Shopping */ = {
			isa = PBXNativeTarget;
			buildConfigurationList = 91870F8627C838FF00A0B942 /* Build configuration list for PBXNativeTarget "Grocery Shopping" */;
			buildPhases = (
				91870F5827C838FE00A0B942 /* Sources */,
				91870F5927C838FE00A0B942 /* Frameworks */,
				91870F5A27C838FE00A0B942 /* Resources */,
			);
			buildRules = (
			);
			dependencies = (
			);
			name = "Grocery Shopping";
			productName = "Grocery Shopping";
			productReference = 91870F5C27C838FE00A0B942 /* Grocery Shopping.app */;
			productType = "com.apple.product-type.application";
		};
		91870F7127C838FF00A0B942 /* Grocery ShoppingTests */ = {
			isa = PBXNativeTarget;
			buildConfigurationList = 91870F8927C838FF00A0B942 /* Build configuration list for PBXNativeTarget "Grocery ShoppingTests" */;
			buildPhases = (
				91870F6E27C838FF00A0B942 /* Sources */,
				91870F6F27C838FF00A0B942 /* Frameworks */,
				91870F7027C838FF00A0B942 /* Resources */,
			);
			buildRules = (
			);
			dependencies = (
				91870F7427C838FF00A0B942 /* PBXTargetDependency */,
			);
			name = "Grocery ShoppingTests";
			productName = "Grocery ShoppingTests";
			productReference = 91870F7227C838FF00A0B942 /* Grocery ShoppingTests.xctest */;
			productType = "com.apple.product-type.bundle.unit-test";
		};
		91870F7B27C838FF00A0B942 /* Grocery ShoppingUITests */ = {
			isa = PBXNativeTarget;
			buildConfigurationList = 91870F8C27C838FF00A0B942 /* Build configuration list for PBXNativeTarget "Grocery ShoppingUITests" */;
			buildPhases = (
				91870F7827C838FF00A0B942 /* Sources */,
				91870F7927C838FF00A0B942 /* Frameworks */,
				91870F7A27C838FF00A0B942 /* Resources */,
			);
			buildRules = (
			);
			dependencies = (
				91870F7E27C838FF00A0B942 /* PBXTargetDependency */,
			);
			name = "Grocery ShoppingUITests";
			productName = "Grocery ShoppingUITests";
			productReference = 91870F7C27C838FF00A0B942 /* Grocery ShoppingUITests.xctest */;
			productType = "com.apple.product-type.bundle.ui-testing";
		};
/* End PBXNativeTarget section */

/* Begin PBXProject section */
		91870F5427C838FD00A0B942 /* Project object */ = {
			isa = PBXProject;
			attributes = {
				BuildIndependentTargetsInParallel = 1;
				LastSwiftUpdateCheck = 1320;
				LastUpgradeCheck = 1320;
				TargetAttributes = {
					91870F5B27C838FE00A0B942 = {
						CreatedOnToolsVersion = 13.2.1;
					};
					91870F7127C838FF00A0B942 = {
						CreatedOnToolsVersion = 13.2.1;
						TestTargetID = 91870F5B27C838FE00A0B942;
					};
					91870F7B27C838FF00A0B942 = {
						CreatedOnToolsVersion = 13.2.1;
						TestTargetID = 91870F5B27C838FE00A0B942;
					};
				};
			};
			buildConfigurationList = 91870F5727C838FE00A0B942 /* Build configuration list for PBXProject "Grocery Shopping" */;
			compatibilityVersion = "Xcode 13.0";
			developmentRegion = en;
			hasScannedForEncodings = 0;
			knownRegions = (
				en,
				Base,
			);
			mainGroup = 91870F5327C838FD00A0B942;
			productRefGroup = 91870F5D27C838FE00A0B942 /* Products */;
			projectDirPath = "";
			projectRoot = "";
			targets = (
				91870F5B27C838FE00A0B942 /* Grocery Shopping */,
				91870F7127C838FF00A0B942 /* Grocery ShoppingTests */,
				91870F7B27C838FF00A0B942 /* Grocery ShoppingUITests */,
			);
		};
/* End PBXProject section */

/* Begin PBXResourcesBuildPhase section */
		91870F5A27C838FE00A0B942 /* Resources */ = {
			isa = PBXResourcesBuildPhase;
			buildActionMask = 2147483647;
			files = (
				91870F6C27C838FF00A0B942 /* LaunchScreen.storyboard in Resources */,
				91870F6927C838FF00A0B942 /* Assets.xcassets in Resources */,
				91870F6727C838FE00A0B942 /* Main.storyboard in Resources */,
			);
			runOnlyForDeploymentPostprocessing = 0;
		};
		91870F7027C838FF00A0B942 /* Resources */ = {
			isa = PBXResourcesBuildPhase;
			buildActionMask = 2147483647;
			files = (
			);
			runOnlyForDeploymentPostprocessing = 0;
		};
		91870F7A27C838FF00A0B942 /* Resources */ = {
			isa = PBXResourcesBuildPhase;
			buildActionMask = 2147483647;
			files = (
			);
			runOnlyForDeploymentPostprocessing = 0;
		};
/* End PBXResourcesBuildPhase section */

/* Begin PBXSourcesBuildPhase section */
		91870F5827C838FE00A0B942 /* Sources */ = {
			isa = PBXSourcesBuildPhase;
			buildActionMask = 2147483647;
			files = (
				91870F6427C838FE00A0B942 /* ViewController.swift in Sources */,
				91870F9027C8554200A0B942 /* navItemCollectionViewCell.swift in Sources */,
				915FB97927CC859600601301 /* groceryItemCell.swift in Sources */,
				91870F6027C838FE00A0B942 /* AppDelegate.swift in Sources */,
				91870F6227C838FE00A0B942 /* SceneDelegate.swift in Sources */,
				8478C1BC27C8A1D200AA889B /* DetailController.swift in Sources */,
				915FB97B27CDC36D00601301 /* cartItemCell.swift in Sources */,
			);
			runOnlyForDeploymentPostprocessing = 0;
		};
		91870F6E27C838FF00A0B942 /* Sources */ = {
			isa = PBXSourcesBuildPhase;
			buildActionMask = 2147483647;
			files = (
				91870F7727C838FF00A0B942 /* Grocery_ShoppingTests.swift in Sources */,
			);
			runOnlyForDeploymentPostprocessing = 0;
		};
		91870F7827C838FF00A0B942 /* Sources */ = {
			isa = PBXSourcesBuildPhase;
			buildActionMask = 2147483647;
			files = (
				91870F8327C838FF00A0B942 /* Grocery_ShoppingUITestsLaunchTests.swift in Sources */,
				91870F8127C838FF00A0B942 /* Grocery_ShoppingUITests.swift in Sources */,
			);
			runOnlyForDeploymentPostprocessing = 0;
		};
/* End PBXSourcesBuildPhase section */

/* Begin PBXTargetDependency section */
		91870F7427C838FF00A0B942 /* PBXTargetDependency */ = {
			isa = PBXTargetDependency;
			target = 91870F5B27C838FE00A0B942 /* Grocery Shopping */;
			targetProxy = 91870F7327C838FF00A0B942 /* PBXContainerItemProxy */;
		};
		91870F7E27C838FF00A0B942 /* PBXTargetDependency */ = {
			isa = PBXTargetDependency;
			target = 91870F5B27C838FE00A0B942 /* Grocery Shopping */;
			targetProxy = 91870F7D27C838FF00A0B942 /* PBXContainerItemProxy */;
		};
/* End PBXTargetDependency section */

/* Begin PBXVariantGroup section */
		91870F6527C838FE00A0B942 /* Main.storyboard */ = {
			isa = PBXVariantGroup;
			children = (
				91870F6627C838FE00A0B942 /* Base */,
			);
			name = Main.storyboard;
			sourceTree = "<group>";
		};
		91870F6A27C838FF00A0B942 /* LaunchScreen.storyboard */ = {
			isa = PBXVariantGroup;
			children = (
				91870F6B27C838FF00A0B942 /* Base */,
			);
			name = LaunchScreen.storyboard;
			sourceTree = "<group>";
		};
/* End PBXVariantGroup section */

/* Begin XCBuildConfiguration section */
		91870F8427C838FF00A0B942 /* Debug */ = {
			isa = XCBuildConfiguration;
			buildSettings = {
				ALWAYS_SEARCH_USER_PATHS = NO;
				CLANG_ANALYZER_NONNULL = YES;
				CLANG_ANALYZER_NUMBER_OBJECT_CONVERSION = YES_AGGRESSIVE;
				CLANG_CXX_LANGUAGE_STANDARD = "gnu++17";
				CLANG_CXX_LIBRARY = "libc++";
				CLANG_ENABLE_MODULES = YES;
				CLANG_ENABLE_OBJC_ARC = YES;
				CLANG_ENABLE_OBJC_WEAK = YES;
				CLANG_WARN_BLOCK_CAPTURE_AUTORELEASING = YES;
				CLANG_WARN_BOOL_CONVERSION = YES;
				CLANG_WARN_COMMA = YES;
				CLANG_WARN_CONSTANT_CONVERSION = YES;
				CLANG_WARN_DEPRECATED_OBJC_IMPLEMENTATIONS = YES;
				CLANG_WARN_DIRECT_OBJC_ISA_USAGE = YES_ERROR;
				CLANG_WARN_DOCUMENTATION_COMMENTS = YES;
				CLANG_WARN_EMPTY_BODY = YES;
				CLANG_WARN_ENUM_CONVERSION = YES;
				CLANG_WARN_INFINITE_RECURSION = YES;
				CLANG_WARN_INT_CONVERSION = YES;
				CLANG_WARN_NON_LITERAL_NULL_CONVERSION = YES;
				CLANG_WARN_OBJC_IMPLICIT_RETAIN_SELF = YES;
				CLANG_WARN_OBJC_LITERAL_CONVERSION = YES;
				CLANG_WARN_OBJC_ROOT_CLASS = YES_ERROR;
				CLANG_WARN_QUOTED_INCLUDE_IN_FRAMEWORK_HEADER = YES;
				CLANG_WARN_RANGE_LOOP_ANALYSIS = YES;
				CLANG_WARN_STRICT_PROTOTYPES = YES;
				CLANG_WARN_SUSPICIOUS_MOVE = YES;
				CLANG_WARN_UNGUARDED_AVAILABILITY = YES_AGGRESSIVE;
				CLANG_WARN_UNREACHABLE_CODE = YES;
				CLANG_WARN__DUPLICATE_METHOD_MATCH = YES;
				COPY_PHASE_STRIP = NO;
				DEBUG_INFORMATION_FORMAT = dwarf;
				ENABLE_STRICT_OBJC_MSGSEND = YES;
				ENABLE_TESTABILITY = YES;
				GCC_C_LANGUAGE_STANDARD = gnu11;
				GCC_DYNAMIC_NO_PIC = NO;
				GCC_NO_COMMON_BLOCKS = YES;
				GCC_OPTIMIZATION_LEVEL = 0;
				GCC_PREPROCESSOR_DEFINITIONS = (
					"DEBUG=1",
					"$(inherited)",
				);
				GCC_WARN_64_TO_32_BIT_CONVERSION = YES;
				GCC_WARN_ABOUT_RETURN_TYPE = YES_ERROR;
				GCC_WARN_UNDECLARED_SELECTOR = YES;
				GCC_WARN_UNINITIALIZED_AUTOS = YES_AGGRESSIVE;
				GCC_WARN_UNUSED_FUNCTION = YES;
				GCC_WARN_UNUSED_VARIABLE = YES;
				IPHONEOS_DEPLOYMENT_TARGET = 15.2;
				MTL_ENABLE_DEBUG_INFO = INCLUDE_SOURCE;
				MTL_FAST_MATH = YES;
				ONLY_ACTIVE_ARCH = YES;
				SDKROOT = iphoneos;
				SWIFT_ACTIVE_COMPILATION_CONDITIONS = DEBUG;
				SWIFT_OPTIMIZATION_LEVEL = "-Onone";
			};
			name = Debug;
		};
		91870F8527C838FF00A0B942 /* Release */ = {
			isa = XCBuildConfiguration;
			buildSettings = {
				ALWAYS_SEARCH_USER_PATHS = NO;
				CLANG_ANALYZER_NONNULL = YES;
				CLANG_ANALYZER_NUMBER_OBJECT_CONVERSION = YES_AGGRESSIVE;
				CLANG_CXX_LANGUAGE_STANDARD = "gnu++17";
				CLANG_CXX_LIBRARY = "libc++";
				CLANG_ENABLE_MODULES = YES;
				CLANG_ENABLE_OBJC_ARC = YES;
				CLANG_ENABLE_OBJC_WEAK = YES;
				CLANG_WARN_BLOCK_CAPTURE_AUTORELEASING = YES;
				CLANG_WARN_BOOL_CONVERSION = YES;
				CLANG_WARN_COMMA = YES;
				CLANG_WARN_CONSTANT_CONVERSION = YES;
				CLANG_WARN_DEPRECATED_OBJC_IMPLEMENTATIONS = YES;
				CLANG_WARN_DIRECT_OBJC_ISA_USAGE = YES_ERROR;
				CLANG_WARN_DOCUMENTATION_COMMENTS = YES;
				CLANG_WARN_EMPTY_BODY = YES;
				CLANG_WARN_ENUM_CONVERSION = YES;
				CLANG_WARN_INFINITE_RECURSION = YES;
				CLANG_WARN_INT_CONVERSION = YES;
				CLANG_WARN_NON_LITERAL_NULL_CONVERSION = YES;
				CLANG_WARN_OBJC_IMPLICIT_RETAIN_SELF = YES;
				CLANG_WARN_OBJC_LITERAL_CONVERSION = YES;
				CLANG_WARN_OBJC_ROOT_CLASS = YES_ERROR;
				CLANG_WARN_QUOTED_INCLUDE_IN_FRAMEWORK_HEADER = YES;
				CLANG_WARN_RANGE_LOOP_ANALYSIS = YES;
				CLANG_WARN_STRICT_PROTOTYPES = YES;
				CLANG_WARN_SUSPICIOUS_MOVE = YES;
				CLANG_WARN_UNGUARDED_AVAILABILITY = YES_AGGRESSIVE;
				CLANG_WARN_UNREACHABLE_CODE = YES;
				CLANG_WARN__DUPLICATE_METHOD_MATCH = YES;
				COPY_PHASE_STRIP = NO;
				DEBUG_INFORMATION_FORMAT = "dwarf-with-dsym";
				ENABLE_NS_ASSERTIONS = NO;
				ENABLE_STRICT_OBJC_MSGSEND = YES;
				GCC_C_LANGUAGE_STANDARD = gnu11;
				GCC_NO_COMMON_BLOCKS = YES;
				GCC_WARN_64_TO_32_BIT_CONVERSION = YES;
				GCC_WARN_ABOUT_RETURN_TYPE = YES_ERROR;
				GCC_WARN_UNDECLARED_SELECTOR = YES;
				GCC_WARN_UNINITIALIZED_AUTOS = YES_AGGRESSIVE;
				GCC_WARN_UNUSED_FUNCTION = YES;
				GCC_WARN_UNUSED_VARIABLE = YES;
				IPHONEOS_DEPLOYMENT_TARGET = 15.2;
				MTL_ENABLE_DEBUG_INFO = NO;
				MTL_FAST_MATH = YES;
				SDKROOT = iphoneos;
				SWIFT_COMPILATION_MODE = wholemodule;
				SWIFT_OPTIMIZATION_LEVEL = "-O";
				VALIDATE_PRODUCT = YES;
			};
			name = Release;
		};
		91870F8727C838FF00A0B942 /* Debug */ = {
			isa = XCBuildConfiguration;
			buildSettings = {
				ASSETCATALOG_COMPILER_APPICON_NAME = AppIcon;
				ASSETCATALOG_COMPILER_GLOBAL_ACCENT_COLOR_NAME = AccentColor;
				ASSETCATALOG_COMPILER_INCLUDE_ALL_APPICON_ASSETS = NO;
				CODE_SIGN_STYLE = Automatic;
				CURRENT_PROJECT_VERSION = 1;
				DEVELOPMENT_TEAM = 3R6WJMQ2U5;
				GENERATE_INFOPLIST_FILE = YES;
				INFOPLIST_FILE = "Grocery Shopping/Info.plist";
				INFOPLIST_KEY_UIApplicationSupportsIndirectInputEvents = YES;
				INFOPLIST_KEY_UILaunchStoryboardName = LaunchScreen;
				INFOPLIST_KEY_UIMainStoryboardFile = Main;
				INFOPLIST_KEY_UISupportedInterfaceOrientations = "UIInterfaceOrientationPortrait UIInterfaceOrientationLandscapeLeft UIInterfaceOrientationLandscapeRight";
				INFOPLIST_KEY_UISupportedInterfaceOrientations_iPad = "UIInterfaceOrientationPortrait UIInterfaceOrientationPortraitUpsideDown UIInterfaceOrientationLandscapeLeft UIInterfaceOrientationLandscapeRight";
				INFOPLIST_KEY_UISupportedInterfaceOrientations_iPhone = "UIInterfaceOrientationPortrait UIInterfaceOrientationLandscapeLeft UIInterfaceOrientationLandscapeRight";
				LD_RUNPATH_SEARCH_PATHS = (
					"$(inherited)",
					"@executable_path/Frameworks",
				);
				MARKETING_VERSION = 1.0;
				PRODUCT_BUNDLE_IDENTIFIER = "VCU.Grocery-Shopping";
				PRODUCT_NAME = "$(TARGET_NAME)";
				SWIFT_EMIT_LOC_STRINGS = YES;
				SWIFT_VERSION = 5.0;
				TARGETED_DEVICE_FAMILY = "1,2";
			};
			name = Debug;
		};
		91870F8827C838FF00A0B942 /* Release */ = {
			isa = XCBuildConfiguration;
			buildSettings = {
				ASSETCATALOG_COMPILER_APPICON_NAME = AppIcon;
				ASSETCATALOG_COMPILER_GLOBAL_ACCENT_COLOR_NAME = AccentColor;
				ASSETCATALOG_COMPILER_INCLUDE_ALL_APPICON_ASSETS = NO;
				CODE_SIGN_STYLE = Automatic;
				CURRENT_PROJECT_VERSION = 1;
				DEVELOPMENT_TEAM = 3R6WJMQ2U5;
				GENERATE_INFOPLIST_FILE = YES;
				INFOPLIST_FILE = "Grocery Shopping/Info.plist";
				INFOPLIST_KEY_UIApplicationSupportsIndirectInputEvents = YES;
				INFOPLIST_KEY_UILaunchStoryboardName = LaunchScreen;
				INFOPLIST_KEY_UIMainStoryboardFile = Main;
				INFOPLIST_KEY_UISupportedInterfaceOrientations = "UIInterfaceOrientationPortrait UIInterfaceOrientationLandscapeLeft UIInterfaceOrientationLandscapeRight";
				INFOPLIST_KEY_UISupportedInterfaceOrientations_iPad = "UIInterfaceOrientationPortrait UIInterfaceOrientationPortraitUpsideDown UIInterfaceOrientationLandscapeLeft UIInterfaceOrientationLandscapeRight";
				INFOPLIST_KEY_UISupportedInterfaceOrientations_iPhone = "UIInterfaceOrientationPortrait UIInterfaceOrientationLandscapeLeft UIInterfaceOrientationLandscapeRight";
				LD_RUNPATH_SEARCH_PATHS = (
					"$(inherited)",
					"@executable_path/Frameworks",
				);
				MARKETING_VERSION = 1.0;
				PRODUCT_BUNDLE_IDENTIFIER = "VCU.Grocery-Shopping";
				PRODUCT_NAME = "$(TARGET_NAME)";
				SWIFT_EMIT_LOC_STRINGS = YES;
				SWIFT_VERSION = 5.0;
				TARGETED_DEVICE_FAMILY = "1,2";
			};
			name = Release;
		};
		91870F8A27C838FF00A0B942 /* Debug */ = {
			isa = XCBuildConfiguration;
			buildSettings = {
				ALWAYS_EMBED_SWIFT_STANDARD_LIBRARIES = YES;
				BUNDLE_LOADER = "$(TEST_HOST)";
				CODE_SIGN_STYLE = Automatic;
				CURRENT_PROJECT_VERSION = 1;
				DEVELOPMENT_TEAM = 3R6WJMQ2U5;
				GENERATE_INFOPLIST_FILE = YES;
				IPHONEOS_DEPLOYMENT_TARGET = 15.2;
				MARKETING_VERSION = 1.0;
				PRODUCT_BUNDLE_IDENTIFIER = "VCU.Grocery-ShoppingTests";
				PRODUCT_NAME = "$(TARGET_NAME)";
				SWIFT_EMIT_LOC_STRINGS = NO;
				SWIFT_VERSION = 5.0;
				TARGETED_DEVICE_FAMILY = "1,2";
				TEST_HOST = "$(BUILT_PRODUCTS_DIR)/Grocery Shopping.app/Grocery Shopping";
			};
			name = Debug;
		};
		91870F8B27C838FF00A0B942 /* Release */ = {
			isa = XCBuildConfiguration;
			buildSettings = {
				ALWAYS_EMBED_SWIFT_STANDARD_LIBRARIES = YES;
				BUNDLE_LOADER = "$(TEST_HOST)";
				CODE_SIGN_STYLE = Automatic;
				CURRENT_PROJECT_VERSION = 1;
				DEVELOPMENT_TEAM = 3R6WJMQ2U5;
				GENERATE_INFOPLIST_FILE = YES;
				IPHONEOS_DEPLOYMENT_TARGET = 15.2;
				MARKETING_VERSION = 1.0;
				PRODUCT_BUNDLE_IDENTIFIER = "VCU.Grocery-ShoppingTests";
				PRODUCT_NAME = "$(TARGET_NAME)";
				SWIFT_EMIT_LOC_STRINGS = NO;
				SWIFT_VERSION = 5.0;
				TARGETED_DEVICE_FAMILY = "1,2";
				TEST_HOST = "$(BUILT_PRODUCTS_DIR)/Grocery Shopping.app/Grocery Shopping";
			};
			name = Release;
		};
		91870F8D27C838FF00A0B942 /* Debug */ = {
			isa = XCBuildConfiguration;
			buildSettings = {
				ALWAYS_EMBED_SWIFT_STANDARD_LIBRARIES = YES;
				CODE_SIGN_STYLE = Automatic;
				CURRENT_PROJECT_VERSION = 1;
				DEVELOPMENT_TEAM = 3R6WJMQ2U5;
				GENERATE_INFOPLIST_FILE = YES;
				MARKETING_VERSION = 1.0;
				PRODUCT_BUNDLE_IDENTIFIER = "VCU.Grocery-ShoppingUITests";
				PRODUCT_NAME = "$(TARGET_NAME)";
				SWIFT_EMIT_LOC_STRINGS = NO;
				SWIFT_VERSION = 5.0;
				TARGETED_DEVICE_FAMILY = "1,2";
				TEST_TARGET_NAME = "Grocery Shopping";
			};
			name = Debug;
		};
		91870F8E27C838FF00A0B942 /* Release */ = {
			isa = XCBuildConfiguration;
			buildSettings = {
				ALWAYS_EMBED_SWIFT_STANDARD_LIBRARIES = YES;
				CODE_SIGN_STYLE = Automatic;
				CURRENT_PROJECT_VERSION = 1;
				DEVELOPMENT_TEAM = 3R6WJMQ2U5;
				GENERATE_INFOPLIST_FILE = YES;
				MARKETING_VERSION = 1.0;
				PRODUCT_BUNDLE_IDENTIFIER = "VCU.Grocery-ShoppingUITests";
				PRODUCT_NAME = "$(TARGET_NAME)";
				SWIFT_EMIT_LOC_STRINGS = NO;
				SWIFT_VERSION = 5.0;
				TARGETED_DEVICE_FAMILY = "1,2";
				TEST_TARGET_NAME = "Grocery Shopping";
			};
			name = Release;
		};
/* End XCBuildConfiguration section */

/* Begin XCConfigurationList section */
		91870F5727C838FE00A0B942 /* Build configuration list for PBXProject "Grocery Shopping" */ = {
			isa = XCConfigurationList;
			buildConfigurations = (
				91870F8427C838FF00A0B942 /* Debug */,
				91870F8527C838FF00A0B942 /* Release */,
			);
			defaultConfigurationIsVisible = 0;
			defaultConfigurationName = Release;
		};
		91870F8627C838FF00A0B942 /* Build configuration list for PBXNativeTarget "Grocery Shopping" */ = {
			isa = XCConfigurationList;
			buildConfigurations = (
				91870F8727C838FF00A0B942 /* Debug */,
				91870F8827C838FF00A0B942 /* Release */,
			);
			defaultConfigurationIsVisible = 0;
			defaultConfigurationName = Release;
		};
		91870F8927C838FF00A0B942 /* Build configuration list for PBXNativeTarget "Grocery ShoppingTests" */ = {
			isa = XCConfigurationList;
			buildConfigurations = (
				91870F8A27C838FF00A0B942 /* Debug */,
				91870F8B27C838FF00A0B942 /* Release */,
			);
			defaultConfigurationIsVisible = 0;
			defaultConfigurationName = Release;
		};
		91870F8C27C838FF00A0B942 /* Build configuration list for PBXNativeTarget "Grocery ShoppingUITests" */ = {
			isa = XCConfigurationList;
			buildConfigurations = (
				91870F8D27C838FF00A0B942 /* Debug */,
				91870F8E27C838FF00A0B942 /* Release */,
			);
			defaultConfigurationIsVisible = 0;
			defaultConfigurationName = Release;
		};
/* End XCConfigurationList section */
	};
	rootObject = 91870F5427C838FD00A0B942 /* Project object */;
}
